
Microsoft Visual Studio Solution File, Format Version 11.00
# Visual Studio 2010
Project("{8BC9CEB8-8B4A-11D0-8D11-00A0C91BC942}") = "SocketStreamLib", "SocketStreamLib\SocketStreamLib.vcxproj", "{06B486B3-2967-4D59-B4A1-6B1D5F4DE5B3}"
EndProject
Project("{8BC9CEB8-8B4A-11D0-8D11-00A0C91BC942}") = "Server", "Server\Server.vcxproj", "{EDF12EBA-8168-46D2-8E89-E845B6448F46}"
EndProject
Project("{8BC9CEB8-8B4A-11D0-8D11-00A0C91BC942}") = "Client", "Client\Client.vcxproj", "{DE43D8DD-7642-49D2-8EDF-544CE7B2D18E}"
EndProject
Project("{8BC9CEB8-8B4A-11D0-8D11-00A0C91BC942}") = "dtest", "..\dtest\dtest.vcxproj", "{316855CC-7F10-4F65-8307-82B4A85BE2AD}"
EndProject
Global
	GlobalSection(SolutionConfigurationPlatforms) = preSolution
		Debug|Win32 = Debug|Win32
		Release|Win32 = Release|Win32
	EndGlobalSection
	GlobalSection(ProjectConfigurationPlatforms) = postSolution
		{06B486B3-2967-4D59-B4A1-6B1D5F4DE5B3}.Debug|Win32.ActiveCfg = Debug|Win32
		{06B486B3-2967-4D59-B4A1-6B1D5F4DE5B3}.Debug|Win32.Build.0 = Debug|Win32
		{06B486B3-2967-4D59-B4A1-6B1D5F4DE5B3}.Release|Win32.ActiveCfg = Release|Win32
		{06B486B3-2967-4D59-B4A1-6B1D5F4DE5B3}.Release|Win32.Build.0 = Release|Win32
		{EDF12EBA-8168-46D2-8E89-E845B6448F46}.Debug|Win32.ActiveCfg = Debug|Win32
		{EDF12EBA-8168-46D2-8E89-E845B6448F46}.Debug|Win32.Build.0 = Debug|Win32
		{EDF12EBA-8168-46D2-8E89-E845B6448F46}.Release|Win32.ActiveCfg = Release|Win32
		{EDF12EBA-8168-46D2-8E89-E845B6448F46}.Release|Win32.Build.0 = Release|Win32
		{DE43D8DD-7642-49D2-8EDF-544CE7B2D18E}.Debug|Win32.ActiveCfg = Debug|Win32
		{DE43D8DD-7642-49D2-8EDF-544CE7B2D18E}.Debug|Win32.Build.0 = Debug|Win32
		{DE43D8DD-7642-49D2-8EDF-544CE7B2D18E}.Release|Win32.ActiveCfg = Release|Win32
		{DE43D8DD-7642-49D2-8EDF-544CE7B2D18E}.Release|Win32.Build.0 = Release|Win32
		{316855CC-7F10-4F65-8307-82B4A85BE2AD}.Debug|Win32.ActiveCfg = Debug|Win32
		{316855CC-7F10-4F65-8307-82B4A85BE2AD}.Debug|Win32.Build.0 = Debug|Win32
		{316855CC-7F10-4F65-8307-82B4A85BE2AD}.Release|Win32.ActiveCfg = Release|Win32
		{316855CC-7F10-4F65-8307-82B4A85BE2AD}.Release|Win32.Build.0 = Release|Win32
	EndGlobalSection
	GlobalSection(SolutionProperties) = preSolution
		HideSolutionNode = FALSE
	EndGlobalSection
EndGlobal
