<?xml version="1.0" encoding="utf-8"?>
<Project ToolsVersion="4.0" xmlns="http://schemas.microsoft.com/developer/msbuild/2003">
  <ItemGroup>
    <Filter Include="Source Files">
      <UniqueIdentifier>{4FC737F1-C7A5-4376-A066-2A32D752A2FF}</UniqueIdentifier>
      <Extensions>cpp;c;cc;cxx;def;odl;idl;hpj;bat;asm;asmx</Extensions>
    </Filter>
    <Filter Include="Header Files">
      <UniqueIdentifier>{93995380-89BD-4b04-88EB-625FBE52EBFB}</UniqueIdentifier>
      <Extensions>h;hpp;hxx;hm;inl;inc;xsd</Extensions>
    </Filter>
    <Filter Include="Resource Files">
      <UniqueIdentifier>{67DA6AB6-F800-4c08-8B7A-83BB121AAD01}</UniqueIdentifier>
      <Extensions>rc;ico;cur;bmp;dlg;rc2;rct;bin;rgs;gif;jpg;jpeg;jpe;resx;tiff;tif;png;wav</Extensions>
    </Filter>
    <Filter Include="win">
      <UniqueIdentifier>{d3f91cae-ce0d-437e-bec9-3566d50044c9}</UniqueIdentifier>
    </Filter>
    <Filter Include="unix">
      <UniqueIdentifier>{cff3e7da-d78e-4a6b-887a-09ad40bbcfd8}</UniqueIdentifier>
    </Filter>
    <Filter Include="jni">
      <UniqueIdentifier>{984fbdb3-256f-424f-8ac3-7cdaa9e359b1}</UniqueIdentifier>
    </Filter>
  </ItemGroup>
  <ItemGroup>
    <ClInclude Include="src\dtest.h">
      <Filter>Header Files</Filter>
    </ClInclude>
    <ClInclude Include="src\sysconf.h">
      <Filter>Header Files</Filter>
    </ClInclude>
    <ClInclude Include="src\win\stdafx.h">
      <Filter>win</Filter>
    </ClInclude>
    <ClInclude Include="src\win\threads.h">
      <Filter>win</Filter>
    </ClInclude>
    <ClInclude Include="src\win\winapi_ops.h">
      <Filter>win</Filter>
    </ClInclude>
    <ClInclude Include="src\unix\unix_ops.h">
      <Filter>unix</Filter>
    </ClInclude>
    <ClInclude Include="src\jni\dudge_slave_dtest_SolutionLauncher.h">
      <Filter>jni</Filter>
    </ClInclude>
    <ClInclude Include="src\jni\utilf.h">
      <Filter>jni</Filter>
    </ClInclude>
  </ItemGroup>
  <ItemGroup>
    <ClCompile Include="src\win\dtest_win.cpp">
      <Filter>win</Filter>
    </ClCompile>
    <ClCompile Include="src\win\stdafx.cpp">
      <Filter>win</Filter>
    </ClCompile>
    <ClCompile Include="src\win\threads.cpp">
      <Filter>win</Filter>
    </ClCompile>
    <ClCompile Include="src\win\winapi_ops.cpp">
      <Filter>win</Filter>
    </ClCompile>
    <ClCompile Include="src\unix\dtest_unix.cpp">
      <Filter>unix</Filter>
    </ClCompile>
    <ClCompile Include="src\unix\unix_ops.cpp">
      <Filter>unix</Filter>
    </ClCompile>
    <ClCompile Include="src\jni\methods_impl.cpp">
      <Filter>jni</Filter>
    </ClCompile>
    <ClCompile Include="src\jni\utilf.cpp">
      <Filter>jni</Filter>
    </ClCompile>
  </ItemGroup>
</Project>